// !$*UTF8*$!
{
	archiveVersion = 1;
	classes = {
	};
	objectVersion = 46;
	objects = {

/* Begin PBXBuildFile section */
		374BD66319D6009400FC5010 /* Roboto-Thin.ttf in Resources */ = {isa = PBXBuildFile; fileRef = 374BD5C919D5E80A00FC5010 /* Roboto-Thin.ttf */; };
		374BD66419D6009900FC5010 /* Roboto-Black.ttf in Resources */ = {isa = PBXBuildFile; fileRef = 374BD5BF19D5E80A00FC5010 /* Roboto-Black.ttf */; };
		374BD66519D6009D00FC5010 /* Roboto-Bold.ttf in Resources */ = {isa = PBXBuildFile; fileRef = 374BD5C119D5E80A00FC5010 /* Roboto-Bold.ttf */; };
		374BD66619D6009F00FC5010 /* Roboto-Light.ttf in Resources */ = {isa = PBXBuildFile; fileRef = 374BD5C419D5E80A00FC5010 /* Roboto-Light.ttf */; };
		374BD66719D600A200FC5010 /* Roboto-Medium.ttf in Resources */ = {isa = PBXBuildFile; fileRef = 374BD5C619D5E80A00FC5010 /* Roboto-Medium.ttf */; };
		374BD66819D600A400FC5010 /* Roboto-Regular.ttf in Resources */ = {isa = PBXBuildFile; fileRef = 374BD5C819D5E80A00FC5010 /* Roboto-Regular.ttf */; };
		374BD66A19D60D9200FC5010 /* climacons-webfont.ttf in Resources */ = {isa = PBXBuildFile; fileRef = 374BD66919D60CAF00FC5010 /* climacons-webfont.ttf */; };
		375CB7AF19D52527005331F2 /* AppDelegate.swift in Sources */ = {isa = PBXBuildFile; fileRef = 375CB7AE19D52527005331F2 /* AppDelegate.swift */; };
		375CB7B119D52527005331F2 /* ViewController.swift in Sources */ = {isa = PBXBuildFile; fileRef = 375CB7B019D52527005331F2 /* ViewController.swift */; };
		375CB7B419D52527005331F2 /* Main.storyboard in Resources */ = {isa = PBXBuildFile; fileRef = 375CB7B219D52527005331F2 /* Main.storyboard */; };
		375CB7B619D52527005331F2 /* Images.xcassets in Resources */ = {isa = PBXBuildFile; fileRef = 375CB7B519D52527005331F2 /* Images.xcassets */; };
		375CB7B919D52527005331F2 /* LaunchScreen.xib in Resources */ = {isa = PBXBuildFile; fileRef = 375CB7B719D52527005331F2 /* LaunchScreen.xib */; };
		375CB7C519D52527005331F2 /* myWeatherAppTests.swift in Sources */ = {isa = PBXBuildFile; fileRef = 375CB7C419D52527005331F2 /* myWeatherAppTests.swift */; };
		375CB7D119D52EED005331F2 /* Forecast.swift in Sources */ = {isa = PBXBuildFile; fileRef = 375CB7D019D52EED005331F2 /* Forecast.swift */; };
		375CB7D419D543D0005331F2 /* Current.swift in Sources */ = {isa = PBXBuildFile; fileRef = 375CB7D319D543D0005331F2 /* Current.swift */; };
		37FDBAE719E0CB7A00EF8A2F /* CoreLocation.framework in Frameworks */ = {isa = PBXBuildFile; fileRef = 37FDBAE619E0CB7A00EF8A2F /* CoreLocation.framework */; };
/* End PBXBuildFile section */

/* Begin PBXContainerItemProxy section */
		375CB7BF19D52527005331F2 /* PBXContainerItemProxy */ = {
			isa = PBXContainerItemProxy;
			containerPortal = 375CB7A119D52527005331F2 /* Project object */;
			proxyType = 1;
			remoteGlobalIDString = 375CB7A819D52527005331F2;
			remoteInfo = myWeatherApp;
		};
/* End PBXContainerItemProxy section */

/* Begin PBXFileReference section */
		37417F0619DCF2BF0001F58E /* geolocation.playground */ = {isa = PBXFileReference; lastKnownFileType = file.playground; path = geolocation.playground; sourceTree = "<group>"; };
		374BD5BF19D5E80A00FC5010 /* Roboto-Black.ttf */ = {isa = PBXFileReference; lastKnownFileType = file; path = "Roboto-Black.ttf"; sourceTree = "<group>"; };
		374BD5C019D5E80A00FC5010 /* Roboto-BlackItalic.ttf */ = {isa = PBXFileReference; lastKnownFileType = file; path = "Roboto-BlackItalic.ttf"; sourceTree = "<group>"; };
		374BD5C119D5E80A00FC5010 /* Roboto-Bold.ttf */ = {isa = PBXFileReference; lastKnownFileType = file; path = "Roboto-Bold.ttf"; sourceTree = "<group>"; };
		374BD5C219D5E80A00FC5010 /* Roboto-BoldItalic.ttf */ = {isa = PBXFileReference; lastKnownFileType = file; path = "Roboto-BoldItalic.ttf"; sourceTree = "<group>"; };
		374BD5C319D5E80A00FC5010 /* Roboto-Italic.ttf */ = {isa = PBXFileReference; lastKnownFileType = file; path = "Roboto-Italic.ttf"; sourceTree = "<group>"; };
		374BD5C419D5E80A00FC5010 /* Roboto-Light.ttf */ = {isa = PBXFileReference; lastKnownFileType = file; path = "Roboto-Light.ttf"; sourceTree = "<group>"; };
		374BD5C519D5E80A00FC5010 /* Roboto-LightItalic.ttf */ = {isa = PBXFileReference; lastKnownFileType = file; path = "Roboto-LightItalic.ttf"; sourceTree = "<group>"; };
		374BD5C619D5E80A00FC5010 /* Roboto-Medium.ttf */ = {isa = PBXFileReference; lastKnownFileType = file; path = "Roboto-Medium.ttf"; sourceTree = "<group>"; };
		374BD5C719D5E80A00FC5010 /* Roboto-MediumItalic.ttf */ = {isa = PBXFileReference; lastKnownFileType = file; path = "Roboto-MediumItalic.ttf"; sourceTree = "<group>"; };
		374BD5C819D5E80A00FC5010 /* Roboto-Regular.ttf */ = {isa = PBXFileReference; lastKnownFileType = file; path = "Roboto-Regular.ttf"; sourceTree = "<group>"; };
		374BD5C919D5E80A00FC5010 /* Roboto-Thin.ttf */ = {isa = PBXFileReference; lastKnownFileType = file; path = "Roboto-Thin.ttf"; sourceTree = "<group>"; };
		374BD5CA19D5E80A00FC5010 /* Roboto-ThinItalic.ttf */ = {isa = PBXFileReference; lastKnownFileType = file; path = "Roboto-ThinItalic.ttf"; sourceTree = "<group>"; };
		374BD66919D60CAF00FC5010 /* climacons-webfont.ttf */ = {isa = PBXFileReference; lastKnownFileType = file; path = "climacons-webfont.ttf"; sourceTree = "<group>"; };
		375CB7A919D52527005331F2 /* myWeatherApp.app */ = {isa = PBXFileReference; explicitFileType = wrapper.application; includeInIndex = 0; path = myWeatherApp.app; sourceTree = BUILT_PRODUCTS_DIR; };
		375CB7AD19D52527005331F2 /* Info.plist */ = {isa = PBXFileReference; lastKnownFileType = text.plist.xml; path = Info.plist; sourceTree = "<group>"; };
		375CB7AE19D52527005331F2 /* AppDelegate.swift */ = {isa = PBXFileReference; lastKnownFileType = sourcecode.swift; path = AppDelegate.swift; sourceTree = "<group>"; };
		375CB7B019D52527005331F2 /* ViewController.swift */ = {isa = PBXFileReference; lastKnownFileType = sourcecode.swift; path = ViewController.swift; sourceTree = "<group>"; };
		375CB7B319D52527005331F2 /* Base */ = {isa = PBXFileReference; lastKnownFileType = file.storyboard; name = Base; path = Base.lproj/Main.storyboard; sourceTree = "<group>"; };
		375CB7B519D52527005331F2 /* Images.xcassets */ = {isa = PBXFileReference; lastKnownFileType = folder.assetcatalog; path = Images.xcassets; sourceTree = "<group>"; };
		375CB7B819D52527005331F2 /* Base */ = {isa = PBXFileReference; lastKnownFileType = file.xib; name = Base; path = Base.lproj/LaunchScreen.xib; sourceTree = "<group>"; };
		375CB7BE19D52527005331F2 /* myWeatherAppTests.xctest */ = {isa = PBXFileReference; explicitFileType = wrapper.cfbundle; includeInIndex = 0; path = myWeatherAppTests.xctest; sourceTree = BUILT_PRODUCTS_DIR; };
		375CB7C319D52527005331F2 /* Info.plist */ = {isa = PBXFileReference; lastKnownFileType = text.plist.xml; path = Info.plist; sourceTree = "<group>"; };
		375CB7C419D52527005331F2 /* myWeatherAppTests.swift */ = {isa = PBXFileReference; lastKnownFileType = sourcecode.swift; path = myWeatherAppTests.swift; sourceTree = "<group>"; };
		375CB7D019D52EED005331F2 /* Forecast.swift */ = {isa = PBXFileReference; fileEncoding = 4; lastKnownFileType = sourcecode.swift; path = Forecast.swift; sourceTree = "<group>"; };
		375CB7D319D543D0005331F2 /* Current.swift */ = {isa = PBXFileReference; fileEncoding = 4; lastKnownFileType = sourcecode.swift; path = Current.swift; sourceTree = "<group>"; };
		37FDBAE619E0CB7A00EF8A2F /* CoreLocation.framework */ = {isa = PBXFileReference; lastKnownFileType = wrapper.framework; name = CoreLocation.framework; path = System/Library/Frameworks/CoreLocation.framework; sourceTree = SDKROOT; };
/* End PBXFileReference section */

/* Begin PBXFrameworksBuildPhase section */
		375CB7A619D52527005331F2 /* Frameworks */ = {
			isa = PBXFrameworksBuildPhase;
			buildActionMask = 2147483647;
			files = (
				37FDBAE719E0CB7A00EF8A2F /* CoreLocation.framework in Frameworks */,
			);
			runOnlyForDeploymentPostprocessing = 0;
		};
		375CB7BB19D52527005331F2 /* Frameworks */ = {
			isa = PBXFrameworksBuildPhase;
			buildActionMask = 2147483647;
			files = (
			);
			runOnlyForDeploymentPostprocessing = 0;
		};
/* End PBXFrameworksBuildPhase section */

/* Begin PBXGroup section */
		37417F0519DCF2A00001F58E /* Playground */ = {
			isa = PBXGroup;
			children = (
				37417F0619DCF2BF0001F58E /* geolocation.playground */,
			);
			name = Playground;
			sourceTree = "<group>";
		};
		374BD5BD19D5E7CA00FC5010 /* Resources */ = {
			isa = PBXGroup;
			children = (
				374BD5BE19D5E7D300FC5010 /* Fonts */,
			);
			name = Resources;
			sourceTree = "<group>";
		};
		374BD5BE19D5E7D300FC5010 /* Fonts */ = {
			isa = PBXGroup;
			children = (
				374BD66919D60CAF00FC5010 /* climacons-webfont.ttf */,
				374BD5BF19D5E80A00FC5010 /* Roboto-Black.ttf */,
				374BD5C019D5E80A00FC5010 /* Roboto-BlackItalic.ttf */,
				374BD5C119D5E80A00FC5010 /* Roboto-Bold.ttf */,
				374BD5C219D5E80A00FC5010 /* Roboto-BoldItalic.ttf */,
				374BD5C319D5E80A00FC5010 /* Roboto-Italic.ttf */,
				374BD5C419D5E80A00FC5010 /* Roboto-Light.ttf */,
				374BD5C519D5E80A00FC5010 /* Roboto-LightItalic.ttf */,
				374BD5C619D5E80A00FC5010 /* Roboto-Medium.ttf */,
				374BD5C719D5E80A00FC5010 /* Roboto-MediumItalic.ttf */,
				374BD5C819D5E80A00FC5010 /* Roboto-Regular.ttf */,
				374BD5C919D5E80A00FC5010 /* Roboto-Thin.ttf */,
				374BD5CA19D5E80A00FC5010 /* Roboto-ThinItalic.ttf */,
			);
			name = Fonts;
			sourceTree = "<group>";
		};
		375CB7A019D52527005331F2 = {
			isa = PBXGroup;
			children = (
				37FDBAE619E0CB7A00EF8A2F /* CoreLocation.framework */,
				374BD5BD19D5E7CA00FC5010 /* Resources */,
				375CB7AB19D52527005331F2 /* myWeatherApp */,
				375CB7C119D52527005331F2 /* myWeatherAppTests */,
				375CB7AA19D52527005331F2 /* Products */,
				37417F0519DCF2A00001F58E /* Playground */,
			);
			sourceTree = "<group>";
		};
		375CB7AA19D52527005331F2 /* Products */ = {
			isa = PBXGroup;
			children = (
				375CB7A919D52527005331F2 /* myWeatherApp.app */,
				375CB7BE19D52527005331F2 /* myWeatherAppTests.xctest */,
			);
			name = Products;
			sourceTree = "<group>";
		};
		375CB7AB19D52527005331F2 /* myWeatherApp */ = {
			isa = PBXGroup;
			children = (
				375CB7AE19D52527005331F2 /* AppDelegate.swift */,
				375CB7B019D52527005331F2 /* ViewController.swift */,
				375CB7B219D52527005331F2 /* Main.storyboard */,
				375CB7B519D52527005331F2 /* Images.xcassets */,
				375CB7B719D52527005331F2 /* LaunchScreen.xib */,
				375CB7AC19D52527005331F2 /* Supporting Files */,
				375CB7D019D52EED005331F2 /* Forecast.swift */,
				375CB7D319D543D0005331F2 /* Current.swift */,
			);
			path = myWeatherApp;
			sourceTree = "<group>";
		};
		375CB7AC19D52527005331F2 /* Supporting Files */ = {
			isa = PBXGroup;
			children = (
				375CB7AD19D52527005331F2 /* Info.plist */,
			);
			name = "Supporting Files";
			sourceTree = "<group>";
		};
		375CB7C119D52527005331F2 /* myWeatherAppTests */ = {
			isa = PBXGroup;
			children = (
				375CB7C419D52527005331F2 /* myWeatherAppTests.swift */,
				375CB7C219D52527005331F2 /* Supporting Files */,
			);
			path = myWeatherAppTests;
			sourceTree = "<group>";
		};
		375CB7C219D52527005331F2 /* Supporting Files */ = {
			isa = PBXGroup;
			children = (
				375CB7C319D52527005331F2 /* Info.plist */,
			);
			name = "Supporting Files";
			sourceTree = "<group>";
		};
/* End PBXGroup section */

/* Begin PBXNativeTarget section */
		375CB7A819D52527005331F2 /* myWeatherApp */ = {
			isa = PBXNativeTarget;
			buildConfigurationList = 375CB7C819D52527005331F2 /* Build configuration list for PBXNativeTarget "myWeatherApp" */;
			buildPhases = (
				375CB7A519D52527005331F2 /* Sources */,
				375CB7A619D52527005331F2 /* Frameworks */,
				375CB7A719D52527005331F2 /* Resources */,
			);
			buildRules = (
			);
			dependencies = (
			);
			name = myWeatherApp;
			productName = myWeatherApp;
			productReference = 375CB7A919D52527005331F2 /* myWeatherApp.app */;
			productType = "com.apple.product-type.application";
		};
		375CB7BD19D52527005331F2 /* myWeatherAppTests */ = {
			isa = PBXNativeTarget;
			buildConfigurationList = 375CB7CB19D52527005331F2 /* Build configuration list for PBXNativeTarget "myWeatherAppTests" */;
			buildPhases = (
				375CB7BA19D52527005331F2 /* Sources */,
				375CB7BB19D52527005331F2 /* Frameworks */,
				375CB7BC19D52527005331F2 /* Resources */,
			);
			buildRules = (
			);
			dependencies = (
				375CB7C019D52527005331F2 /* PBXTargetDependency */,
			);
			name = myWeatherAppTests;
			productName = myWeatherAppTests;
			productReference = 375CB7BE19D52527005331F2 /* myWeatherAppTests.xctest */;
			productType = "com.apple.product-type.bundle.unit-test";
		};
/* End PBXNativeTarget section */

/* Begin PBXProject section */
		375CB7A119D52527005331F2 /* Project object */ = {
			isa = PBXProject;
			attributes = {
				LastUpgradeCheck = 0600;
				ORGANIZATIONNAME = "Ariel-Ian Fajardo";
				TargetAttributes = {
					375CB7A819D52527005331F2 = {
						CreatedOnToolsVersion = 6.0;
						DevelopmentTeam = TWGZ2F8R27;
					};
					375CB7BD19D52527005331F2 = {
						CreatedOnToolsVersion = 6.0;
						TestTargetID = 375CB7A819D52527005331F2;
					};
				};
			};
			buildConfigurationList = 375CB7A419D52527005331F2 /* Build configuration list for PBXProject "myWeatherApp" */;
			compatibilityVersion = "Xcode 3.2";
			developmentRegion = English;
			hasScannedForEncodings = 0;
			knownRegions = (
				en,
				Base,
			);
			mainGroup = 375CB7A019D52527005331F2;
			productRefGroup = 375CB7AA19D52527005331F2 /* Products */;
			projectDirPath = "";
			projectRoot = "";
			targets = (
				375CB7A819D52527005331F2 /* myWeatherApp */,
				375CB7BD19D52527005331F2 /* myWeatherAppTests */,
			);
		};
/* End PBXProject section */

/* Begin PBXResourcesBuildPhase section */
		375CB7A719D52527005331F2 /* Resources */ = {
			isa = PBXResourcesBuildPhase;
			buildActionMask = 2147483647;
			files = (
				374BD66719D600A200FC5010 /* Roboto-Medium.ttf in Resources */,
				374BD66319D6009400FC5010 /* Roboto-Thin.ttf in Resources */,
				375CB7B419D52527005331F2 /* Main.storyboard in Resources */,
				374BD66519D6009D00FC5010 /* Roboto-Bold.ttf in Resources */,
				374BD66A19D60D9200FC5010 /* climacons-webfont.ttf in Resources */,
				374BD66419D6009900FC5010 /* Roboto-Black.ttf in Resources */,
				374BD66619D6009F00FC5010 /* Roboto-Light.ttf in Resources */,
				374BD66819D600A400FC5010 /* Roboto-Regular.ttf in Resources */,
				375CB7B919D52527005331F2 /* LaunchScreen.xib in Resources */,
				375CB7B619D52527005331F2 /* Images.xcassets in Resources */,
			);
			runOnlyForDeploymentPostprocessing = 0;
		};
		375CB7BC19D52527005331F2 /* Resources */ = {
			isa = PBXResourcesBuildPhase;
			buildActionMask = 2147483647;
			files = (
			);
			runOnlyForDeploymentPostprocessing = 0;
		};
/* End PBXResourcesBuildPhase section */

/* Begin PBXSourcesBuildPhase section */
		375CB7A519D52527005331F2 /* Sources */ = {
			isa = PBXSourcesBuildPhase;
			buildActionMask = 2147483647;
			files = (
				375CB7B119D52527005331F2 /* ViewController.swift in Sources */,
				375CB7D119D52EED005331F2 /* Forecast.swift in Sources */,
				375CB7AF19D52527005331F2 /* AppDelegate.swift in Sources */,
				375CB7D419D543D0005331F2 /* Current.swift in Sources */,
			);
			runOnlyForDeploymentPostprocessing = 0;
		};
		375CB7BA19D52527005331F2 /* Sources */ = {
			isa = PBXSourcesBuildPhase;
			buildActionMask = 2147483647;
			files = (
				375CB7C519D52527005331F2 /* myWeatherAppTests.swift in Sources */,
			);
			runOnlyForDeploymentPostprocessing = 0;
		};
/* End PBXSourcesBuildPhase section */

/* Begin PBXTargetDependency section */
		375CB7C019D52527005331F2 /* PBXTargetDependency */ = {
			isa = PBXTargetDependency;
			target = 375CB7A819D52527005331F2 /* myWeatherApp */;
			targetProxy = 375CB7BF19D52527005331F2 /* PBXContainerItemProxy */;
		};
/* End PBXTargetDependency section */

/* Begin PBXVariantGroup section */
		375CB7B219D52527005331F2 /* Main.storyboard */ = {
			isa = PBXVariantGroup;
			children = (
				375CB7B319D52527005331F2 /* Base */,
			);
			name = Main.storyboard;
			sourceTree = "<group>";
		};
		375CB7B719D52527005331F2 /* LaunchScreen.xib */ = {
			isa = PBXVariantGroup;
			children = (
				375CB7B819D52527005331F2 /* Base */,
			);
			name = LaunchScreen.xib;
			sourceTree = "<group>";
		};
/* End PBXVariantGroup section */

/* Begin XCBuildConfiguration section */
		375CB7C619D52527005331F2 /* Debug */ = {
			isa = XCBuildConfiguration;
			buildSettings = {
				ALWAYS_SEARCH_USER_PATHS = NO;
				CLANG_CXX_LANGUAGE_STANDARD = "gnu++0x";
				CLANG_CXX_LIBRARY = "libc++";
				CLANG_ENABLE_MODULES = YES;
				CLANG_ENABLE_OBJC_ARC = YES;
				CLANG_WARN_BOOL_CONVERSION = YES;
				CLANG_WARN_CONSTANT_CONVERSION = YES;
				CLANG_WARN_DIRECT_OBJC_ISA_USAGE = YES_ERROR;
				CLANG_WARN_EMPTY_BODY = YES;
				CLANG_WARN_ENUM_CONVERSION = YES;
				CLANG_WARN_INT_CONVERSION = YES;
				CLANG_WARN_OBJC_ROOT_CLASS = YES_ERROR;
				CLANG_WARN_UNREACHABLE_CODE = YES;
				CLANG_WARN__DUPLICATE_METHOD_MATCH = YES;
				"CODE_SIGN_IDENTITY[sdk=iphoneos*]" = "iPhone Developer";
				COPY_PHASE_STRIP = NO;
				ENABLE_STRICT_OBJC_MSGSEND = YES;
				GCC_C_LANGUAGE_STANDARD = gnu99;
				GCC_DYNAMIC_NO_PIC = NO;
				GCC_OPTIMIZATION_LEVEL = 0;
				GCC_PREPROCESSOR_DEFINITIONS = (
					"DEBUG=1",
					"$(inherited)",
				);
				GCC_SYMBOLS_PRIVATE_EXTERN = NO;
				GCC_WARN_64_TO_32_BIT_CONVERSION = YES;
				GCC_WARN_ABOUT_RETURN_TYPE = YES_ERROR;
				GCC_WARN_UNDECLARED_SELECTOR = YES;
				GCC_WARN_UNINITIALIZED_AUTOS = YES_AGGRESSIVE;
				GCC_WARN_UNUSED_FUNCTION = YES;
				GCC_WARN_UNUSED_VARIABLE = YES;
				IPHONEOS_DEPLOYMENT_TARGET = 8.0;
				MTL_ENABLE_DEBUG_INFO = YES;
				ONLY_ACTIVE_ARCH = YES;
				SDKROOT = iphoneos;
				SWIFT_OPTIMIZATION_LEVEL = "-Onone";
			};
			name = Debug;
		};
		375CB7C719D52527005331F2 /* Release */ = {
			isa = XCBuildConfiguration;
			buildSettings = {
				ALWAYS_SEARCH_USER_PATHS = NO;
				CLANG_CXX_LANGUAGE_STANDARD = "gnu++0x";
				CLANG_CXX_LIBRARY = "libc++";
				CLANG_ENABLE_MODULES = YES;
				CLANG_ENABLE_OBJC_ARC = YES;
				CLANG_WARN_BOOL_CONVERSION = YES;
				CLANG_WARN_CONSTANT_CONVERSION = YES;
				CLANG_WARN_DIRECT_OBJC_ISA_USAGE = YES_ERROR;
				CLANG_WARN_EMPTY_BODY = YES;
				CLANG_WARN_ENUM_CONVERSION = YES;
				CLANG_WARN_INT_CONVERSION = YES;
				CLANG_WARN_OBJC_ROOT_CLASS = YES_ERROR;
				CLANG_WARN_UNREACHABLE_CODE = YES;
				CLANG_WARN__DUPLICATE_METHOD_MATCH = YES;
				"CODE_SIGN_IDENTITY[sdk=iphoneos*]" = "iPhone Developer";
				COPY_PHASE_STRIP = YES;
				ENABLE_NS_ASSERTIONS = NO;
				ENABLE_STRICT_OBJC_MSGSEND = YES;
				GCC_C_LANGUAGE_STANDARD = gnu99;
				GCC_WARN_64_TO_32_BIT_CONVERSION = YES;
				GCC_WARN_ABOUT_RETURN_TYPE = YES_ERROR;
				GCC_WARN_UNDECLARED_SELECTOR = YES;
				GCC_WARN_UNINITIALIZED_AUTOS = YES_AGGRESSIVE;
				GCC_WARN_UNUSED_FUNCTION = YES;
				GCC_WARN_UNUSED_VARIABLE = YES;
				IPHONEOS_DEPLOYMENT_TARGET = 8.0;
				MTL_ENABLE_DEBUG_INFO = NO;
				SDKROOT = iphoneos;
				VALIDATE_PRODUCT = YES;
			};
			name = Release;
		};
		375CB7C919D52527005331F2 /* Debug */ = {
			isa = XCBuildConfiguration;
			buildSettings = {
				ASSETCATALOG_COMPILER_APPICON_NAME = AppIcon;
				CODE_SIGN_IDENTITY = "iPhone Developer";
				"CODE_SIGN_IDENTITY[sdk=iphoneos*]" = "iPhone Developer";
				INFOPLIST_FILE = myWeatherApp/Info.plist;
				IPHONEOS_DEPLOYMENT_TARGET = 7.0;
				LD_RUNPATH_SEARCH_PATHS = "$(inherited) @executable_path/Frameworks";
				PRODUCT_NAME = "$(TARGET_NAME)";
				PROVISIONING_PROFILE = "";
			};
			name = Debug;
		};
		375CB7CA19D52527005331F2 /* Release */ = {
			isa = XCBuildConfiguration;
			buildSettings = {
				ASSETCATALOG_COMPILER_APPICON_NAME = AppIcon;
				CODE_SIGN_IDENTITY = "iPhone Developer";
				"CODE_SIGN_IDENTITY[sdk=iphoneos*]" = "iPhone Developer";
				INFOPLIST_FILE = myWeatherApp/Info.plist;
				IPHONEOS_DEPLOYMENT_TARGET = 7.0;
				LD_RUNPATH_SEARCH_PATHS = "$(inherited) @executable_path/Frameworks";
				PRODUCT_NAME = "$(TARGET_NAME)";
				PROVISIONING_PROFILE = "";
			};
			name = Release;
		};
		375CB7CC19D52527005331F2 /* Debug */ = {
			isa = XCBuildConfiguration;
			buildSettings = {
				BUNDLE_LOADER = "$(TEST_HOST)";
				FRAMEWORK_SEARCH_PATHS = (
					"$(SDKROOT)/Developer/Library/Frameworks",
					"$(inherited)",
				);
				GCC_PREPROCESSOR_DEFINITIONS = (
					"DEBUG=1",
					"$(inherited)",
				);
				INFOPLIST_FILE = myWeatherAppTests/Info.plist;
				LD_RUNPATH_SEARCH_PATHS = "$(inherited) @executable_path/Frameworks @loader_path/Frameworks";
				PRODUCT_NAME = "$(TARGET_NAME)";
				TEST_HOST = "$(BUILT_PRODUCTS_DIR)/myWeatherApp.app/myWeatherApp";
			};
			name = Debug;
		};
		375CB7CD19D52527005331F2 /* Release */ = {
			isa = XCBuildConfiguration;
			buildSettings = {
				BUNDLE_LOADER = "$(TEST_HOST)";
				FRAMEWORK_SEARCH_PATHS = (
					"$(SDKROOT)/Developer/Library/Frameworks",
					"$(inherited)",
				);
				INFOPLIST_FILE = myWeatherAppTests/Info.plist;
				LD_RUNPATH_SEARCH_PATHS = "$(inherited) @executable_path/Frameworks @loader_path/Frameworks";
				PRODUCT_NAME = "$(TARGET_NAME)";
				TEST_HOST = "$(BUILT_PRODUCTS_DIR)/myWeatherApp.app/myWeatherApp";
			};
			name = Release;
		};
/* End XCBuildConfiguration section */

/* Begin XCConfigurationList section */
		375CB7A419D52527005331F2 /* Build configuration list for PBXProject "myWeatherApp" */ = {
			isa = XCConfigurationList;
			buildConfigurations = (
				375CB7C619D52527005331F2 /* Debug */,
				375CB7C719D52527005331F2 /* Release */,
			);
			defaultConfigurationIsVisible = 0;
			defaultConfigurationName = Release;
		};
		375CB7C819D52527005331F2 /* Build configuration list for PBXNativeTarget "myWeatherApp" */ = {
			isa = XCConfigurationList;
			buildConfigurations = (
				375CB7C919D52527005331F2 /* Debug */,
				375CB7CA19D52527005331F2 /* Release */,
			);
			defaultConfigurationIsVisible = 0;
			defaultConfigurationName = Release;
		};
		375CB7CB19D52527005331F2 /* Build configuration list for PBXNativeTarget "myWeatherAppTests" */ = {
			isa = XCConfigurationList;
			buildConfigurations = (
				375CB7CC19D52527005331F2 /* Debug */,
				375CB7CD19D52527005331F2 /* Release */,
			);
			defaultConfigurationIsVisible = 0;
			defaultConfigurationName = Release;
		};
/* End XCConfigurationList section */
	};
	rootObject = 375CB7A119D52527005331F2 /* Project object */;
}
